
Microsoft Visual Studio Solution File, Format Version 12.00
# Visual Studio 15
VisualStudioVersion = 15.0.27703.1
MinimumVisualStudioVersion = 10.0.40219.1
Project("{9A19103F-16F7-4668-BE54-9A1E7A4F7556}") = "AzureMapsToolkit-Core-Test", "AzureMapsToolkit-Core-Test\AzureMapsToolkit-Core-Test.csproj", "{2E7D271C-C0C2-4AD5-9FE1-24811E594189}"
EndProject
Project("{9A19103F-16F7-4668-BE54-9A1E7A4F7556}") = "AzureMapsRestToolkit", "AzureMapsRestToolkit\AzureMapsRestToolkit\AzureMapsRestToolkit.csproj", "{A60A5943-85BE-45C5-8927-0A5EDBAC5676}"
EndProject
Project("{9A19103F-16F7-4668-BE54-9A1E7A4F7556}") = "ConsoleApp1", "..\..\..\am-verify\ConsoleApp1\ConsoleApp1.csproj", "{50FC7C7C-6CC8-4EC7-B340-420CFF287826}"
EndProject
Global
	GlobalSection(SolutionConfigurationPlatforms) = preSolution
		Debug|Any CPU = Debug|Any CPU
		Release|Any CPU = Release|Any CPU
	EndGlobalSection
	GlobalSection(ProjectConfigurationPlatforms) = postSolution
		{2E7D271C-C0C2-4AD5-9FE1-24811E594189}.Debug|Any CPU.ActiveCfg = Debug|Any CPU
		{2E7D271C-C0C2-4AD5-9FE1-24811E594189}.Debug|Any CPU.Build.0 = Debug|Any CPU
		{2E7D271C-C0C2-4AD5-9FE1-24811E594189}.Release|Any CPU.ActiveCfg = Release|Any CPU
		{2E7D271C-C0C2-4AD5-9FE1-24811E594189}.Release|Any CPU.Build.0 = Release|Any CPU
		{A60A5943-85BE-45C5-8927-0A5EDBAC5676}.Debug|Any CPU.ActiveCfg = Debug|Any CPU
		{A60A5943-85BE-45C5-8927-0A5EDBAC5676}.Debug|Any CPU.Build.0 = Debug|Any CPU
		{A60A5943-85BE-45C5-8927-0A5EDBAC5676}.Release|Any CPU.ActiveCfg = Release|Any CPU
		{A60A5943-85BE-45C5-8927-0A5EDBAC5676}.Release|Any CPU.Build.0 = Release|Any CPU
		{50FC7C7C-6CC8-4EC7-B340-420CFF287826}.Debug|Any CPU.ActiveCfg = Debug|Any CPU
		{50FC7C7C-6CC8-4EC7-B340-420CFF287826}.Debug|Any CPU.Build.0 = Debug|Any CPU
		{50FC7C7C-6CC8-4EC7-B340-420CFF287826}.Release|Any CPU.ActiveCfg = Release|Any CPU
		{50FC7C7C-6CC8-4EC7-B340-420CFF287826}.Release|Any CPU.Build.0 = Release|Any CPU
	EndGlobalSection
	GlobalSection(SolutionProperties) = preSolution
		HideSolutionNode = FALSE
	EndGlobalSection
	GlobalSection(ExtensibilityGlobals) = postSolution
		SolutionGuid = {02DAE9E2-2198-4E1F-8759-91722FD623B0}
	EndGlobalSection
EndGlobal
